{
  "name": "Frontend_DraftVerse",
  "lockfileVersion": 3,
  "requires": true,
  "packages": {
    "": {
      "dependencies": {
        "@angular/common": "^18.2.11",
        "@angular/forms": "^18.2.12",
        "@angular/router": "^18.2.12",
        "node": "^22.11.0",
        "router": "^2.0.0",
        "rxjs": "^7.8.1"
      }
    },
    "node_modules/@angular/common": {
      "version": "18.2.12",
      "resolved": "https://registry.npmjs.org/@angular/common/-/common-18.2.12.tgz",
      "integrity": "sha512-gI5o8Bccsi8ow8Wk2vG4Tw/Rw9LoHEA9j8+qHKNR/55SCBsz68Syg310dSyxy+sApJO2WiqIadr5VP36dlSUFw==",
      "dependencies": {
        "tslib": "^2.3.0"
      },
      "engines": {
        "node": "^18.19.1 || ^20.11.1 || >=22.0.0"
      },
      "peerDependencies": {
        "@angular/core": "18.2.12",
        "rxjs": "^6.5.3 || ^7.4.0"
      }
    },
    "node_modules/@angular/core": {
      "version": "18.2.12",
      "resolved": "https://registry.npmjs.org/@angular/core/-/core-18.2.12.tgz",
      "integrity": "sha512-wCf/OObwS6bpM60rk6bpMpCRGp0DlMLB1WNAMtfcaPNyqimVV5Bm98mWRhkOuRyvU3fU7iHhM/10ePVaoyu9+A==",
      "peer": true,
      "dependencies": {
        "tslib": "^2.3.0"
      },
      "engines": {
        "node": "^18.19.1 || ^20.11.1 || >=22.0.0"
      },
      "peerDependencies": {
        "rxjs": "^6.5.3 || ^7.4.0",
        "zone.js": "~0.14.10"
      }
    },
    "node_modules/@angular/forms": {
      "version": "18.2.12",
      "resolved": "https://registry.npmjs.org/@angular/forms/-/forms-18.2.12.tgz",
      "integrity": "sha512-FsukBJEU6jfAmht7TrODTkct/o4iwCZvGozuThOp0tYUPD/E1rZZzuKjEyTnT5Azpfkf0Wqx1nmpz80cczELOQ==",
      "dependencies": {
        "tslib": "^2.3.0"
      },
      "engines": {
        "node": "^18.19.1 || ^20.11.1 || >=22.0.0"
      },
      "peerDependencies": {
        "@angular/common": "18.2.12",
        "@angular/core": "18.2.12",
        "@angular/platform-browser": "18.2.12",
        "rxjs": "^6.5.3 || ^7.4.0"
      }
    },
    "node_modules/@angular/platform-browser": {
      "version": "18.2.12",
      "resolved": "https://registry.npmjs.org/@angular/platform-browser/-/platform-browser-18.2.12.tgz",
      "integrity": "sha512-DRSMznuxuecrs+v5BRyd60/R4vjkQtuYUEPfzdo+rqxM83Dmr3PGtnqPRgd5oAFUbATxf02hQXijRD27K7rZRg==",
      "peer": true,
      "dependencies": {
        "tslib": "^2.3.0"
      },
      "engines": {
        "node": "^18.19.1 || ^20.11.1 || >=22.0.0"
      },
      "peerDependencies": {
        "@angular/animations": "18.2.12",
        "@angular/common": "18.2.12",
        "@angular/core": "18.2.12"
      },
      "peerDependenciesMeta": {
        "@angular/animations": {
          "optional": true
        }
      }
    },
    "node_modules/@angular/router": {
      "version": "18.2.12",
      "resolved": "https://registry.npmjs.org/@angular/router/-/router-18.2.12.tgz",
      "integrity": "sha512-cz/1YWOZadAT35PPPYmpK3HSzKOE56nlUHue5bFkw73VSZr2iBn03ALLpd9YKzWgRmx3y7DqnlQtCkDu9JPGKQ==",
      "dependencies": {
        "tslib": "^2.3.0"
      },
      "engines": {
        "node": "^18.19.1 || ^20.11.1 || >=22.0.0"
      },
      "peerDependencies": {
        "@angular/common": "18.2.12",
        "@angular/core": "18.2.12",
        "@angular/platform-browser": "18.2.12",
        "rxjs": "^6.5.3 || ^7.4.0"
      }
    },
    "node_modules/array-flatten": {
      "version": "3.0.0",
      "resolved": "https://registry.npmjs.org/array-flatten/-/array-flatten-3.0.0.tgz",
      "integrity": "sha512-zPMVc3ZYlGLNk4mpK1NzP2wg0ml9t7fUgDsayR5Y5rSzxQilzR9FGu/EH2jQOcKSAeAfWeylyW8juy3OkWRvNA=="
    },
    "node_modules/is-promise": {
      "version": "4.0.0",
      "resolved": "https://registry.npmjs.org/is-promise/-/is-promise-4.0.0.tgz",
      "integrity": "sha512-hvpoI6korhJMnej285dSg6nu1+e6uxs7zG3BYAm5byqDsgJNWwxzM6z6iZiAgQR4TJ30JmBTOwqZUw3WlyH3AQ=="
    },
    "node_modules/methods": {
      "version": "1.1.2",
      "resolved": "https://registry.npmjs.org/methods/-/methods-1.1.2.tgz",
      "integrity": "sha512-iclAHeNqNm68zFtnZ0e+1L2yUIdvzNoauKU4WBA3VvH/vPFieF7qfRlwUZU+DA9P9bPXIS90ulxoUoCH23sV2w==",
      "engines": {
        "node": ">= 0.6"
      }
    },
    "node_modules/node": {
      "version": "22.11.0",
      "resolved": "https://registry.npmjs.org/node/-/node-22.11.0.tgz",
      "integrity": "sha512-RIAOdr40k1sq/DYF5u3XmhQHG+FZViuxObe2w1xPmOjEi4AiFgv/XRHW60YydS85X9gc8/jaI9RH4E9nvrV+gQ==",
      "hasInstallScript": true,
      "license": "ISC",
      "dependencies": {
        "node-bin-setup": "^1.0.0"
      },
      "bin": {
        "node": "bin/node"
      },
      "engines": {
        "npm": ">=5.0.0"
      }
    },
    "node_modules/node-bin-setup": {
      "version": "1.1.3",
      "resolved": "https://registry.npmjs.org/node-bin-setup/-/node-bin-setup-1.1.3.tgz",
      "integrity": "sha512-opgw9iSCAzT2+6wJOETCpeRYAQxSopqQ2z+N6BXwIMsQQ7Zj5M8MaafQY8JMlolRR6R1UXg2WmhKp0p9lSOivg=="
    },
    "node_modules/parseurl": {
      "version": "1.3.3",
      "resolved": "https://registry.npmjs.org/parseurl/-/parseurl-1.3.3.tgz",
      "integrity": "sha512-CiyeOxFT/JZyN5m0z9PfXw4SCBJ6Sygz1Dpl0wqjlhDEGGBP1GnsUVEL0p63hoG1fcj3fHynXi9NYO4nWOL+qQ==",
      "engines": {
        "node": ">= 0.8"
      }
    },
    "node_modules/path-to-regexp": {
      "version": "8.2.0",
      "resolved": "https://registry.npmjs.org/path-to-regexp/-/path-to-regexp-8.2.0.tgz",
      "integrity": "sha512-TdrF7fW9Rphjq4RjrW0Kp2AW0Ahwu9sRGTkS6bvDi0SCwZlEZYmcfDbEsTz8RVk0EHIS/Vd1bv3JhG+1xZuAyQ==",
      "engines": {
        "node": ">=16"
      }
    },
    "node_modules/router": {
      "version": "2.0.0",
      "resolved": "https://registry.npmjs.org/router/-/router-2.0.0.tgz",
      "integrity": "sha512-dIM5zVoG8xhC6rnSN8uoAgFARwTE7BQs8YwHEvK0VCmfxQXMaOuA1uiR1IPwsW7JyK5iTt7Od/TC9StasS2NPQ==",
      "dependencies": {
        "array-flatten": "3.0.0",
        "is-promise": "4.0.0",
        "methods": "~1.1.2",
        "parseurl": "~1.3.3",
        "path-to-regexp": "^8.0.0",
        "setprototypeof": "1.2.0",
        "utils-merge": "1.0.1"
      },
      "engines": {
        "node": ">= 0.10"
      }
    },
    "node_modules/rxjs": {
      "version": "7.8.1",
      "resolved": "https://registry.npmjs.org/rxjs/-/rxjs-7.8.1.tgz",
      "integrity": "sha512-AA3TVj+0A2iuIoQkWEK/tqFjBq2j+6PO6Y0zJcvzLAFhEFIO3HL0vls9hWLncZbAAbK0mar7oZ4V079I/qPMxg==",
      "dependencies": {
        "tslib": "^2.1.0"
      }
    },
    "node_modules/setprototypeof": {
      "version": "1.2.0",
      "resolved": "https://registry.npmjs.org/setprototypeof/-/setprototypeof-1.2.0.tgz",
      "integrity": "sha512-E5LDX7Wrp85Kil5bhZv46j8jOeboKq5JMmYM3gVGdGH8xFpPWXUMsNrlODCrkoxMEeNi/XZIwuRvY4XNwYMJpw=="
    },
    "node_modules/tslib": {
      "version": "2.8.1",
      "resolved": "https://registry.npmjs.org/tslib/-/tslib-2.8.1.tgz",
      "integrity": "sha512-oJFu94HQb+KVduSUQL7wnpmqnfmLsOA/nAh6b6EH0wCEoK0/mPeXU6c3wKDV83MkOuHPRHtSXKKU99IBazS/2w=="
    },
    "node_modules/utils-merge": {
      "version": "1.0.1",
      "resolved": "https://registry.npmjs.org/utils-merge/-/utils-merge-1.0.1.tgz",
      "integrity": "sha512-pMZTvIkT1d+TFGvDOqodOclx0QWkkgi6Tdoa8gC8ffGAAqz9pzPTZWAybbsHHoED/ztMtkv/VoYTYyShUn81hA==",
      "engines": {
        "node": ">= 0.4.0"
      }
    },
    "node_modules/zone.js": {
      "version": "0.14.10",
      "resolved": "https://registry.npmjs.org/zone.js/-/zone.js-0.14.10.tgz",
      "integrity": "sha512-YGAhaO7J5ywOXW6InXNlLmfU194F8lVgu7bRntUF3TiG8Y3nBK0x1UJJuHUP/e8IyihkjCYqhCScpSwnlaSRkQ==",
      "peer": true
    }
  }
}
